
Microsoft Visual Studio Solution File, Format Version 12.00
# Visual Studio Version 16
VisualStudioVersion = 16.0.30105.148
MinimumVisualStudioVersion = 10.0.40219.1
Project("{8BC9CEB8-8B4A-11D0-8D11-00A0C91BC942}") = "VulkanTest", "VulkanTest\VulkanTest.vcxproj", "{D06972B6-3735-45F4-872D-B2857049A5B9}"
EndProject
Global
	GlobalSection(SolutionConfigurationPlatforms) = preSolution
		Debug|x64 = Debug|x64
		Release|x64 = Release|x64
	EndGlobalSection
	GlobalSection(ProjectConfigurationPlatforms) = postSolution
		{D06972B6-3735-45F4-872D-B2857049A5B9}.Debug|x64.ActiveCfg = Debug|x64
		{D06972B6-3735-45F4-872D-B2857049A5B9}.Debug|x64.Build.0 = Debug|x64
		{D06972B6-3735-45F4-872D-B2857049A5B9}.Release|x64.ActiveCfg = Release|x64
		{D06972B6-3735-45F4-872D-B2857049A5B9}.Release|x64.Build.0 = Release|x64
	EndGlobalSection
	GlobalSection(SolutionProperties) = preSolution
		HideSolutionNode = FALSE
	EndGlobalSection
	GlobalSection(ExtensibilityGlobals) = postSolution
		SolutionGuid = {ADDAE037-088C-4CA2-A511-4A59CA51B7FA}
	EndGlobalSection
EndGlobal
